
Microsoft Visual Studio Solution File, Format Version 12.00
# Visual Studio Version 17
VisualStudioVersion = 17.4.33205.214
MinimumVisualStudioVersion = 10.0.40219.1
Project("{9A19103F-16F7-4668-BE54-9A1E7A4F7556}") = "Models", "Models\Models.csproj", "{78D9278B-DA09-409A-98F8-7588E9543F03}"
EndProject
Project("{9A19103F-16F7-4668-BE54-9A1E7A4F7556}") = "DataAccess", "DataAccess\DataAccess.csproj", "{0136E23E-384C-41D9-A255-448FA2C65EA2}"
EndProject
Project("{9A19103F-16F7-4668-BE54-9A1E7A4F7556}") = "Utility", "Utility\Utility.csproj", "{012AE898-B1E9-4CE7-A9AA-8FEF5AD3493C}"
EndProject
Project("{9A19103F-16F7-4668-BE54-9A1E7A4F7556}") = "ClientMVC", "ClientMVC\ClientMVC.csproj", "{FED0B0AB-7E54-4817-864B-C11C14DE046C}"
EndProject
Project("{9A19103F-16F7-4668-BE54-9A1E7A4F7556}") = "APIGateway", "APIGateway\APIGateway.csproj", "{9C7768E5-8878-4B5C-B35B-F7E5D57D09F5}"
EndProject
Project("{9A19103F-16F7-4668-BE54-9A1E7A4F7556}") = "ProductService", "ProductService\ProductService.csproj", "{AB521002-C502-439D-84DD-35A35805EDEA}"
EndProject
Project("{9A19103F-16F7-4668-BE54-9A1E7A4F7556}") = "UserService", "UserService\UserService.csproj", "{655FFD2C-90BA-4689-8FAC-A2BA8D4E5649}"
EndProject
Project("{9A19103F-16F7-4668-BE54-9A1E7A4F7556}") = "CartService", "CartService\CartService.csproj", "{B4EF6B28-D420-480F-A993-3006FD2A3874}"
EndProject
Project("{9A19103F-16F7-4668-BE54-9A1E7A4F7556}") = "ReviewService", "ReviewService\ReviewService.csproj", "{29BDAB31-E914-42EF-9DB3-D6DFFB295E30}"
EndProject
Project("{9A19103F-16F7-4668-BE54-9A1E7A4F7556}") = "OrderService", "OrderService\OrderService.csproj", "{B35DE2E1-5728-4A6E-8C8A-FF196302E0C8}"
EndProject
Project("{FAE04EC0-301F-11D3-BF4B-00C04F79EFBC}") = "MailService", "MailService\MailService.csproj", "{92E2A3FE-80E7-4FBC-827C-2F71CA901F45}"
EndProject
Global
	GlobalSection(SolutionConfigurationPlatforms) = preSolution
		Debug|Any CPU = Debug|Any CPU
		Release|Any CPU = Release|Any CPU
	EndGlobalSection
	GlobalSection(ProjectConfigurationPlatforms) = postSolution
		{78D9278B-DA09-409A-98F8-7588E9543F03}.Debug|Any CPU.ActiveCfg = Debug|Any CPU
		{78D9278B-DA09-409A-98F8-7588E9543F03}.Debug|Any CPU.Build.0 = Debug|Any CPU
		{78D9278B-DA09-409A-98F8-7588E9543F03}.Release|Any CPU.ActiveCfg = Release|Any CPU
		{78D9278B-DA09-409A-98F8-7588E9543F03}.Release|Any CPU.Build.0 = Release|Any CPU
		{0136E23E-384C-41D9-A255-448FA2C65EA2}.Debug|Any CPU.ActiveCfg = Debug|Any CPU
		{0136E23E-384C-41D9-A255-448FA2C65EA2}.Debug|Any CPU.Build.0 = Debug|Any CPU
		{0136E23E-384C-41D9-A255-448FA2C65EA2}.Release|Any CPU.ActiveCfg = Release|Any CPU
		{0136E23E-384C-41D9-A255-448FA2C65EA2}.Release|Any CPU.Build.0 = Release|Any CPU
		{012AE898-B1E9-4CE7-A9AA-8FEF5AD3493C}.Debug|Any CPU.ActiveCfg = Debug|Any CPU
		{012AE898-B1E9-4CE7-A9AA-8FEF5AD3493C}.Debug|Any CPU.Build.0 = Debug|Any CPU
		{012AE898-B1E9-4CE7-A9AA-8FEF5AD3493C}.Release|Any CPU.ActiveCfg = Release|Any CPU
		{012AE898-B1E9-4CE7-A9AA-8FEF5AD3493C}.Release|Any CPU.Build.0 = Release|Any CPU
		{FED0B0AB-7E54-4817-864B-C11C14DE046C}.Debug|Any CPU.ActiveCfg = Debug|Any CPU
		{FED0B0AB-7E54-4817-864B-C11C14DE046C}.Debug|Any CPU.Build.0 = Debug|Any CPU
		{FED0B0AB-7E54-4817-864B-C11C14DE046C}.Release|Any CPU.ActiveCfg = Release|Any CPU
		{FED0B0AB-7E54-4817-864B-C11C14DE046C}.Release|Any CPU.Build.0 = Release|Any CPU
		{9C7768E5-8878-4B5C-B35B-F7E5D57D09F5}.Debug|Any CPU.ActiveCfg = Debug|Any CPU
		{9C7768E5-8878-4B5C-B35B-F7E5D57D09F5}.Debug|Any CPU.Build.0 = Debug|Any CPU
		{9C7768E5-8878-4B5C-B35B-F7E5D57D09F5}.Release|Any CPU.ActiveCfg = Release|Any CPU
		{9C7768E5-8878-4B5C-B35B-F7E5D57D09F5}.Release|Any CPU.Build.0 = Release|Any CPU
		{AB521002-C502-439D-84DD-35A35805EDEA}.Debug|Any CPU.ActiveCfg = Debug|Any CPU
		{AB521002-C502-439D-84DD-35A35805EDEA}.Debug|Any CPU.Build.0 = Debug|Any CPU
		{AB521002-C502-439D-84DD-35A35805EDEA}.Release|Any CPU.ActiveCfg = Release|Any CPU
		{AB521002-C502-439D-84DD-35A35805EDEA}.Release|Any CPU.Build.0 = Release|Any CPU
		{655FFD2C-90BA-4689-8FAC-A2BA8D4E5649}.Debug|Any CPU.ActiveCfg = Debug|Any CPU
		{655FFD2C-90BA-4689-8FAC-A2BA8D4E5649}.Debug|Any CPU.Build.0 = Debug|Any CPU
		{655FFD2C-90BA-4689-8FAC-A2BA8D4E5649}.Release|Any CPU.ActiveCfg = Release|Any CPU
		{655FFD2C-90BA-4689-8FAC-A2BA8D4E5649}.Release|Any CPU.Build.0 = Release|Any CPU
		{B4EF6B28-D420-480F-A993-3006FD2A3874}.Debug|Any CPU.ActiveCfg = Debug|Any CPU
		{B4EF6B28-D420-480F-A993-3006FD2A3874}.Debug|Any CPU.Build.0 = Debug|Any CPU
		{B4EF6B28-D420-480F-A993-3006FD2A3874}.Release|Any CPU.ActiveCfg = Release|Any CPU
		{B4EF6B28-D420-480F-A993-3006FD2A3874}.Release|Any CPU.Build.0 = Release|Any CPU
		{29BDAB31-E914-42EF-9DB3-D6DFFB295E30}.Debug|Any CPU.ActiveCfg = Debug|Any CPU
		{29BDAB31-E914-42EF-9DB3-D6DFFB295E30}.Debug|Any CPU.Build.0 = Debug|Any CPU
		{29BDAB31-E914-42EF-9DB3-D6DFFB295E30}.Release|Any CPU.ActiveCfg = Release|Any CPU
		{29BDAB31-E914-42EF-9DB3-D6DFFB295E30}.Release|Any CPU.Build.0 = Release|Any CPU
		{B35DE2E1-5728-4A6E-8C8A-FF196302E0C8}.Debug|Any CPU.ActiveCfg = Debug|Any CPU
		{B35DE2E1-5728-4A6E-8C8A-FF196302E0C8}.Debug|Any CPU.Build.0 = Debug|Any CPU
		{B35DE2E1-5728-4A6E-8C8A-FF196302E0C8}.Release|Any CPU.ActiveCfg = Release|Any CPU
		{B35DE2E1-5728-4A6E-8C8A-FF196302E0C8}.Release|Any CPU.Build.0 = Release|Any CPU
		{92E2A3FE-80E7-4FBC-827C-2F71CA901F45}.Debug|Any CPU.ActiveCfg = Debug|Any CPU
		{92E2A3FE-80E7-4FBC-827C-2F71CA901F45}.Debug|Any CPU.Build.0 = Debug|Any CPU
		{92E2A3FE-80E7-4FBC-827C-2F71CA901F45}.Release|Any CPU.ActiveCfg = Release|Any CPU
		{92E2A3FE-80E7-4FBC-827C-2F71CA901F45}.Release|Any CPU.Build.0 = Release|Any CPU
	EndGlobalSection
	GlobalSection(SolutionProperties) = preSolution
		HideSolutionNode = FALSE
	EndGlobalSection
	GlobalSection(ExtensibilityGlobals) = postSolution
		SolutionGuid = {23A485EB-024F-4AAF-8931-949B8E4C8A74}
	EndGlobalSection
EndGlobal
